{
  "pins" : [
    {
      "identity" : "async-http-client",
      "kind" : "remoteSourceControl",
      "location" : "https://github.com/The-Igor/async-http-client.git",
      "state" : {
        "revision" : "8be7d1c1f036350a8109b075052a71d3353ad366",
        "version" : "1.4.4"
      }
    },
    {
      "identity" : "retry-policy-service",
      "kind" : "remoteSourceControl",
      "location" : "https://github.com/The-Igor/retry-policy-service.git",
      "state" : {
        "revision" : "46ded002161a95c6b08ddd02c3f319891c773d14",
        "version" : "1.0.0"
      }
    }
  ],
  "version" : 2
}
