{
  "pins" : [
    {
      "identity" : "async-http-client",
      "kind" : "remoteSourceControl",
      "location" : "https://github.com/The-Igor/async-http-client.git",
      "state" : {
        "revision" : "94d2573c14bb6b88110338a0f4f4cd7b0c6f3165",
        "version" : "1.4.7"
      }
    },
    {
      "identity" : "retry-policy-service",
      "kind" : "remoteSourceControl",
      "location" : "https://github.com/igor11191708/retry-policy-service.git",
      "state" : {
        "revision" : "2a6a1f057fbf77337dfc73db98bd3d538127b3e2",
        "version" : "1.0.1"
      }
    }
  ],
  "version" : 2
}
